<?xml version="1.0" encoding="utf-8"?>
<Project ToolsVersion="4.0" xmlns="http://schemas.microsoft.com/developer/msbuild/2003">
  <ItemGroup>
    <Filter Include="maz">
      <UniqueIdentifier>{a1a6c7f1-ef03-4189-808f-3a62b50b76b6}</UniqueIdentifier>
    </Filter>
  </ItemGroup>
  <ItemGroup>
    <ClInclude Include="maz\matrix.h">
      <Filter>maz</Filter>
    </ClInclude>
    <ClInclude Include="maz\measure.h">
      <Filter>maz</Filter>
    </ClInclude>
    <ClInclude Include="maz\operation_defs.h">
      <Filter>maz</Filter>
    </ClInclude>
    <ClInclude Include="maz\random.h">
      <Filter>maz</Filter>
    </ClInclude>
    <ClInclude Include="maz\vector.h">
      <Filter>maz</Filter>
    </ClInclude>
    <ClInclude Include="maz\dependencies.h">
      <Filter>maz</Filter>
    </ClInclude>
  </ItemGroup>
</Project>